
Microsoft Visual Studio Solution File, Format Version 12.00
# Visual Studio Version 16
VisualStudioVersion = 16.0.31911.196
MinimumVisualStudioVersion = 10.0.40219.1
Project("{FAE04EC0-301F-11D3-BF4B-00C04F79EFBC}") = "tamrin2 daneshgah", "tamrin2 daneshgah.csproj", "{9C50F996-D40D-4D1F-856A-53F40986118D}"
EndProject
Global
	GlobalSection(SolutionConfigurationPlatforms) = preSolution
		Debug|Any CPU = Debug|Any CPU
		Release|Any CPU = Release|Any CPU
	EndGlobalSection
	GlobalSection(ProjectConfigurationPlatforms) = postSolution
		{9C50F996-D40D-4D1F-856A-53F40986118D}.Debug|Any CPU.ActiveCfg = Debug|Any CPU
		{9C50F996-D40D-4D1F-856A-53F40986118D}.Debug|Any CPU.Build.0 = Debug|Any CPU
		{9C50F996-D40D-4D1F-856A-53F40986118D}.Release|Any CPU.ActiveCfg = Release|Any CPU
		{9C50F996-D40D-4D1F-856A-53F40986118D}.Release|Any CPU.Build.0 = Release|Any CPU
	EndGlobalSection
	GlobalSection(SolutionProperties) = preSolution
		HideSolutionNode = FALSE
	EndGlobalSection
	GlobalSection(ExtensibilityGlobals) = postSolution
		SolutionGuid = {97A8E35E-94FB-49FA-B3B9-E90D70C2C271}
	EndGlobalSection
EndGlobal
